{
  "name": "@xmpp/client",
  "version": "0.3.0",
  "lockfileVersion": 1,
  "requires": true,
  "dependencies": {
    "@xmpp/sasl-digest-md5": {
      "version": "git+https://github.com/UltimateZero/-xmpp-sasl-digest-md5.git#28692e4839efc6668c9b7ca700110fabb8176b1b",
      "requires": {
        "sasl-digest-md5": "0.1.0"
      }
    },
    "sasl-digest-md5": {
      "version": "0.1.0",
      "resolved": "https://registry.npmjs.org/sasl-digest-md5/-/sasl-digest-md5-0.1.0.tgz",
      "integrity": "sha1-n+DLBXxlL0zVtjKJleWSvQxsTI4="
    }
  }
}
